
Microsoft Visual Studio Solution File, Format Version 12.00
# Visual Studio Version 17
VisualStudioVersion = 17.0.31903.59
MinimumVisualStudioVersion = 10.0.40219.1
Project("{2150E333-8FDC-42A3-9474-1A3956D46DE8}") = "lib", "lib", "{8FC3DA06-2790-467D-962E-644629BABFCF}"
EndProject
Project("{9A19103F-16F7-4668-BE54-9A1E7A4F7556}") = "RSAEncryption.Core", "lib\core\RSAEncryption.Core.csproj", "{5EF2B015-9FB5-4E66-9032-775A88EDDFD3}"
EndProject
Project("{9A19103F-16F7-4668-BE54-9A1E7A4F7556}") = "RSAEncrpytion.Console", "console\RSAEncrpytion.Console.csproj", "{0C99BB59-0A9F-40F9-BA15-4A90487178C4}"
EndProject
Project("{9A19103F-16F7-4668-BE54-9A1E7A4F7556}") = "RSAEncryption.Tests", "tests\RSAEncryption.Tests.csproj", "{4C8EA9C2-F1E2-4CBD-9792-3DF35424AE00}"
EndProject
Project("{9A19103F-16F7-4668-BE54-9A1E7A4F7556}") = "RSAEncryption.Web", "web\RSAEncryption.Web.csproj", "{4511A5B7-0230-4C38-831A-E2917F4F9305}"
EndProject
Project("{2150E333-8FDC-42A3-9474-1A3956D46DE8}") = "1 - Apps", "1 - Apps", "{50A30BA5-8A79-4055-BFCD-1182AC073096}"
EndProject
Project("{2150E333-8FDC-42A3-9474-1A3956D46DE8}") = "2 - Domain", "2 - Domain", "{55DF68F9-E019-4097-9DE5-CDFC082BD107}"
EndProject
Project("{2150E333-8FDC-42A3-9474-1A3956D46DE8}") = "3 - Tests", "3 - Tests", "{A598F574-0056-4D56-AA3C-24AD9ACA9FE4}"
EndProject
Global
	GlobalSection(SolutionConfigurationPlatforms) = preSolution
		Debug|Any CPU = Debug|Any CPU
		Release|Any CPU = Release|Any CPU
	EndGlobalSection
	GlobalSection(ProjectConfigurationPlatforms) = postSolution
		{5EF2B015-9FB5-4E66-9032-775A88EDDFD3}.Debug|Any CPU.ActiveCfg = Debug|Any CPU
		{5EF2B015-9FB5-4E66-9032-775A88EDDFD3}.Debug|Any CPU.Build.0 = Debug|Any CPU
		{5EF2B015-9FB5-4E66-9032-775A88EDDFD3}.Release|Any CPU.ActiveCfg = Release|Any CPU
		{5EF2B015-9FB5-4E66-9032-775A88EDDFD3}.Release|Any CPU.Build.0 = Release|Any CPU
		{0C99BB59-0A9F-40F9-BA15-4A90487178C4}.Debug|Any CPU.ActiveCfg = Debug|Any CPU
		{0C99BB59-0A9F-40F9-BA15-4A90487178C4}.Debug|Any CPU.Build.0 = Debug|Any CPU
		{0C99BB59-0A9F-40F9-BA15-4A90487178C4}.Release|Any CPU.ActiveCfg = Release|Any CPU
		{0C99BB59-0A9F-40F9-BA15-4A90487178C4}.Release|Any CPU.Build.0 = Release|Any CPU
		{4C8EA9C2-F1E2-4CBD-9792-3DF35424AE00}.Debug|Any CPU.ActiveCfg = Debug|Any CPU
		{4C8EA9C2-F1E2-4CBD-9792-3DF35424AE00}.Debug|Any CPU.Build.0 = Debug|Any CPU
		{4C8EA9C2-F1E2-4CBD-9792-3DF35424AE00}.Release|Any CPU.ActiveCfg = Release|Any CPU
		{4C8EA9C2-F1E2-4CBD-9792-3DF35424AE00}.Release|Any CPU.Build.0 = Release|Any CPU
		{4511A5B7-0230-4C38-831A-E2917F4F9305}.Debug|Any CPU.ActiveCfg = Debug|Any CPU
		{4511A5B7-0230-4C38-831A-E2917F4F9305}.Debug|Any CPU.Build.0 = Debug|Any CPU
		{4511A5B7-0230-4C38-831A-E2917F4F9305}.Release|Any CPU.ActiveCfg = Release|Any CPU
		{4511A5B7-0230-4C38-831A-E2917F4F9305}.Release|Any CPU.Build.0 = Release|Any CPU
	EndGlobalSection
	GlobalSection(SolutionProperties) = preSolution
		HideSolutionNode = FALSE
	EndGlobalSection
	GlobalSection(NestedProjects) = preSolution
		{8FC3DA06-2790-467D-962E-644629BABFCF} = {55DF68F9-E019-4097-9DE5-CDFC082BD107}
		{5EF2B015-9FB5-4E66-9032-775A88EDDFD3} = {8FC3DA06-2790-467D-962E-644629BABFCF}
		{0C99BB59-0A9F-40F9-BA15-4A90487178C4} = {50A30BA5-8A79-4055-BFCD-1182AC073096}
		{4C8EA9C2-F1E2-4CBD-9792-3DF35424AE00} = {A598F574-0056-4D56-AA3C-24AD9ACA9FE4}
		{4511A5B7-0230-4C38-831A-E2917F4F9305} = {50A30BA5-8A79-4055-BFCD-1182AC073096}
	EndGlobalSection
EndGlobal
